{
  "nodes": {
    "flake-schemas": {
      "locked": {
        "lastModified": 1772200446,
        "narHash": "sha256-hcUPpu25+VLvQsf961cu4zTeA//Ab35MaMjqSS/Ojqc=",
        "rev": "d6a6b7cfa25bea552c197c9e227cd293ff801dbb",
        "revCount": 115,
        "type": "tarball",
        "url": "https://api.flakehub.com/f/pinned/DeterminateSystems/flake-schemas/0.3.0/019c9f61-e746-760e-a1fe-53f05b10d026/source.tar.gz"
      },
      "original": {
        "type": "tarball",
        "url": "https://flakehub.com/f/DeterminateSystems/flake-schemas/%2A"
      }
    },
    "nixpkgs": {
      "locked": {
        "lastModified": 1772963539,
        "narHash": "sha256-9jVDGZnvCckTGdYT53d/EfznygLskyLQXYwJLKMPsZs=",
        "rev": "9dcb002ca1690658be4a04645215baea8b95f31d",
        "revCount": 960399,
        "type": "tarball",
        "url": "https://api.flakehub.com/f/pinned/NixOS/nixpkgs/0.1.960399%2Brev-9dcb002ca1690658be4a04645215baea8b95f31d/019cd400-6f38-7074-b8c8-f84603ddd88b/source.tar.gz"
      },
      "original": {
        "type": "tarball",
        "url": "https://flakehub.com/f/NixOS/nixpkgs/0.1.%2A"
      }
    },
    "root": {
      "inputs": {
        "flake-schemas": "flake-schemas",
        "nixpkgs": "nixpkgs",
        "rust-overlay": "rust-overlay"
      }
    },
    "rust-overlay": {
      "inputs": {
        "nixpkgs": [
          "nixpkgs"
        ]
      },
      "locked": {
        "lastModified": 1773198218,
        "narHash": "sha256-sxQV16GQrBEfrwuhYT9WvmFBnN8HakhRfR+JR+3qaTo=",
        "rev": "e552b1d2850f5f0a739bba27c6463af1a29e2f4e",
        "revCount": 2104,
        "type": "tarball",
        "url": "https://api.flakehub.com/f/pinned/oxalica/rust-overlay/0.1.2104%2Brev-e552b1d2850f5f0a739bba27c6463af1a29e2f4e/019cdadb-c1c9-7ba1-a5e2-f16dd89e4c0b/source.tar.gz"
      },
      "original": {
        "type": "tarball",
        "url": "https://flakehub.com/f/oxalica/rust-overlay/0.1.%2A"
      }
    }
  },
  "root": "root",
  "version": 7
}
